
Microsoft Visual Studio Solution File, Format Version 12.00
# Visual Studio 15
Project("{FAE04EC0-301F-11D3-BF4B-00C04F79EFBC}") = "Assembly-CSharp", "Assembly-CSharp.csproj", "{3E4E225A-A212-54AA-D67F-428E4244505C}"
EndProject
Project("{FAE04EC0-301F-11D3-BF4B-00C04F79EFBC}") = "Assembly-CSharp-Editor", "Assembly-CSharp-Editor.csproj", "{1CA56B42-CFBA-DA89-0333-EE60A9E0940F}"
EndProject
Global
	GlobalSection(SolutionConfigurationPlatforms) = preSolution
		Debug|Any CPU = Debug|Any CPU
		Release|Any CPU = Release|Any CPU
	EndGlobalSection
	GlobalSection(ProjectConfigurationPlatforms) = postSolution
		{3E4E225A-A212-54AA-D67F-428E4244505C}.Debug|Any CPU.ActiveCfg = Debug|Any CPU
		{3E4E225A-A212-54AA-D67F-428E4244505C}.Debug|Any CPU.Build.0 = Debug|Any CPU
		{3E4E225A-A212-54AA-D67F-428E4244505C}.Release|Any CPU.ActiveCfg = Release|Any CPU
		{3E4E225A-A212-54AA-D67F-428E4244505C}.Release|Any CPU.Build.0 = Release|Any CPU
		{1CA56B42-CFBA-DA89-0333-EE60A9E0940F}.Debug|Any CPU.ActiveCfg = Debug|Any CPU
		{1CA56B42-CFBA-DA89-0333-EE60A9E0940F}.Debug|Any CPU.Build.0 = Debug|Any CPU
		{1CA56B42-CFBA-DA89-0333-EE60A9E0940F}.Release|Any CPU.ActiveCfg = Release|Any CPU
		{1CA56B42-CFBA-DA89-0333-EE60A9E0940F}.Release|Any CPU.Build.0 = Release|Any CPU
	EndGlobalSection
	GlobalSection(SolutionProperties) = preSolution
		HideSolutionNode = FALSE
	EndGlobalSection
EndGlobal
